{
  "version": 1,
  "dependencies": {
    "net10.0": {
      "ppy.osu.Game": {
        "type": "Direct",
        "requested": "[2026.916.0, )",
        "resolved": "2026.916.0",
        "contentHash": "17mSWk5nAdDP7rVfCG9aa64pK1/N0PVeUVtdWHNKWZb1ibokFZaDu9p01ew18CncV0teiuwzUy3NnhMzq9oyeg==",
        "dependencies": {
          "AutoMapper": "13.0.1",
          "DiffPlex": "1.9.0",
          "HtmlAgilityPack": "1.13.0",
          "Humanizer": "3.0.10",
          "MessagePack": "3.1.8",
          "Microsoft.AspNetCore.SignalR.Client": "10.0.12",
          "Microsoft.AspNetCore.SignalR.Protocols.MessagePack": "10.0.12",
          "Microsoft.AspNetCore.SignalR.Protocols.NewtonsoftJson": "10.0.12",
          "Microsoft.Data.Sqlite.Core": "10.0.12",
          "Microsoft.Extensions.Configuration.Abstractions": "10.0.12",
          "Microsoft.Toolkit.HighPerformance": "7.1.2",
          "NUnit": "4.6.1",
          "Newtonsoft.Json": "13.0.4",
          "Realm": "20.1.0",
          "SQLitePCLRaw.bundle_e_sqlite3": "3.0.5",
          "Sentry": "6.11.0",
          "SharpCompress": "0.50.4",
          "System.ComponentModel.Annotations": "5.0.0",
          "TagLibSharp": "2.3.0",
          "ppy.osu.Framework": "2026.914.0",
          "ppy.osu.Game.Resources": "2026.909.0"
        }
      },
      "ppy.osu.Game.Rulesets.Osu": {
        "type": "Direct",
        "requested": "[2026.916.0, )",
        "resolved": "2026.916.0",
        "contentHash": "UfPOuEys324wm8ZHGKwMaCyhnGHZfGzD93DHX5M7YndGK3PHKRKZb+mNosqKOfEwA7ANQL6GGK53B2hVtqTUSw==",
        "dependencies": {
          "ppy.osu.Game": "2026.916.0"
        }
      },
      "AutoMapper": {
        "type": "Transitive",
        "resolved": "13.0.1",
        "contentHash": "/Fx1SbJ16qS7dU4i604Sle+U9VLX+WSNVJggk6MupKVkYvvBm4XqYaeFuf67diHefHKHs50uQIS2YEDFhPCakQ==",
        "dependencies": {
          "Microsoft.Extensions.Options": "6.0.0"
        }
      },
      "DiffPlex": {
        "type": "Transitive",
        "resolved": "1.9.0",
        "contentHash": "Z4IDEH6iOb6d+Y2QUjsbq1Fp5I/kwZzNdr/evBTbCGq+ShAjE4baLm7lX1tfjV2p34QI3V9kctCQziFuuKqeCA=="
      },
      "FFmpeg.AutoGen": {
        "type": "Transitive",
        "resolved": "4.3.0.1",
        "contentHash": "koM5zqdZZHGAVK0faNZgi9HjCrHrMRGaTqmTEbvMSx3YeNIZBd62JQMZjAE0HlQ3NsLnRvXigVJtwRidOnosUw=="
      },
      "Fody": {
        "type": "Transitive",
        "resolved": "6.9.1",
        "contentHash": "Y33IOTstqsDaq2+1Cweu4s/V2iAAaRY6bPIANCre3Wlx9REc+ONyYmUdCc67Z12dy0N2Haq3t7QP4ANndsu/HA=="
      },
      "HidSharpCore": {
        "type": "Transitive",
        "resolved": "1.3.0",
        "contentHash": "R+eunrl7X65gdYYsle6r1Cxa/OmdOBjV5HuIvw2nbSCcSsWuYFgMuQQFeB7if7P+fX3rI/zfUqpYaXwKvy9Mng=="
      },
      "HtmlAgilityPack": {
        "type": "Transitive",
        "resolved": "1.13.0",
        "contentHash": "nWZtz9WjSbq6V7TjjYBCmW+D8+BrWs15O6MlPxh55SH4zmenkWHXwu6gYeIarHL3KoHgDyZzTdOM50EdTnR8Xw=="
      },
      "Humanizer": {
        "type": "Transitive",
        "resolved": "3.0.10",
        "contentHash": "13+6RiWdpVCzSn2SSEd1hAIr/UHScNdLCUhRgjvI60UcD5u3vXu3u1/Z+74OcHWum1itjiBTjYXgJKQna1jTgw==",
        "dependencies": {
          "Humanizer.Core.af": "3.0.10",
          "Humanizer.Core.ar": "3.0.10",
          "Humanizer.Core.az": "3.0.10",
          "Humanizer.Core.bg": "3.0.10",
          "Humanizer.Core.bn": "3.0.10",
          "Humanizer.Core.ca": "3.0.10",
          "Humanizer.Core.cs": "3.0.10",
          "Humanizer.Core.da": "3.0.10",
          "Humanizer.Core.de": "3.0.10",
          "Humanizer.Core.el": "3.0.10",
          "Humanizer.Core.es": "3.0.10",
          "Humanizer.Core.fa": "3.0.10",
          "Humanizer.Core.fi": "3.0.10",
          "Humanizer.Core.fil": "3.0.10",
          "Humanizer.Core.fr": "3.0.10",
          "Humanizer.Core.he": "3.0.10",
          "Humanizer.Core.hr": "3.0.10",
          "Humanizer.Core.hu": "3.0.10",
          "Humanizer.Core.hy": "3.0.10",
          "Humanizer.Core.id": "3.0.10",
          "Humanizer.Core.is": "3.0.10",
          "Humanizer.Core.it": "3.0.10",
          "Humanizer.Core.ja": "3.0.10",
          "Humanizer.Core.ko": "3.0.10",
          "Humanizer.Core.ku": "3.0.10",
          "Humanizer.Core.lb": "3.0.10",
          "Humanizer.Core.lt": "3.0.10",
          "Humanizer.Core.lv": "3.0.10",
          "Humanizer.Core.ms": "3.0.10",
          "Humanizer.Core.mt": "3.0.10",
          "Humanizer.Core.nb": "3.0.10",
          "Humanizer.Core.nl": "3.0.10",
          "Humanizer.Core.pl": "3.0.10",
          "Humanizer.Core.pt": "3.0.10",
          "Humanizer.Core.pt-BR": "3.0.10",
          "Humanizer.Core.ro": "3.0.10",
          "Humanizer.Core.ru": "3.0.10",
          "Humanizer.Core.sk": "3.0.10",
          "Humanizer.Core.sl": "3.0.10",
          "Humanizer.Core.sr": "3.0.10",
          "Humanizer.Core.sr-Latn": "3.0.10",
          "Humanizer.Core.sv": "3.0.10",
          "Humanizer.Core.th": "3.0.10",
          "Humanizer.Core.tr": "3.0.10",
          "Humanizer.Core.uk": "3.0.10",
          "Humanizer.Core.uz-Cyrl-UZ": "3.0.10",
          "Humanizer.Core.uz-Latn-UZ": "3.0.10",
          "Humanizer.Core.vi": "3.0.10",
          "Humanizer.Core.zh-CN": "3.0.10",
          "Humanizer.Core.zh-Hans": "3.0.10",
          "Humanizer.Core.zh-Hant": "3.0.10"
        }
      },
      "Humanizer.Core": {
        "type": "Transitive",
        "resolved": "3.0.10",
        "contentHash": "yZIhtw8sYuvsONzQbZxWpR60tMWYHXoo0DL6nyOqSFiU5POjBTSEyWFpTQtJEZuy+oqiYTXKXY/Mjx7KnqIQFw=="
      },
      "Humanizer.Core.af": {
        "type": "Transitive",
        "resolved": "3.0.10",
        "contentHash": "jIpC73aOXfhqGEnpFKgO2AJ2Esb2t40c/cKqR+RgK1yg1bcBZBuhtjs+PrAIHf5Lp7Znd4teLjCGDS5ut8O1cw==",
        "dependencies": {
          "Humanizer.Core": "[3.0.10]"
        }
      },
      "Humanizer.Core.ar": {
        "type": "Transitive",
        "resolved": "3.0.10",
        "contentHash": "LdDeLE9nmlqbl14RinjII0v8APKZKUqJEClILvdLAoUEdv8UhgsHhDX2BHJKZv2aNfCnb19z9otE8Ffaa11Sow==",
        "dependencies": {
          "Humanizer.Core": "[3.0.10]"
        }
      },
      "Humanizer.Core.az": {
        "type": "Transitive",
        "resolved": "3.0.10",
        "contentHash": "+tfsgP5PkTY5mpx7t0rpMVVNXJQMcRkFSsWtnPpntuC/z7I8GS68CBcsHItw5/qbTJxWRY/cLPe/Psxh/SjEkA==",
        "dependencies": {
          "Humanizer.Core": "[3.0.10]"
        }
      },
      "Humanizer.Core.bg": {
        "type": "Transitive",
        "resolved": "3.0.10",
        "contentHash": "xBQMDuLOjmj1U0h39tv7B39vmVZXBbRUcy3xkHBKHAyuRoxskDJ3F1LUOOw1/E41+dGQziAe2I0EVukwvQ/h0g==",
        "dependencies": {
          "Humanizer.Core": "[3.0.10]"
        }
      },
      "Humanizer.Core.bn": {
        "type": "Transitive",
        "resolved": "3.0.10",
        "contentHash": "U5Li886U/hPdhMxyN9P3eF5dlB15sT/w4F3NOioXsaTQxnJKdxUKglRHiGbakX+aSrsFGok1MoQwVcH7Sac1Lg==",
        "dependencies": {
          "Humanizer.Core": "[3.0.10]"
        }
      },
      "Humanizer.Core.ca": {
        "type": "Transitive",
        "resolved": "3.0.10",
        "contentHash": "D29T+OWcYG4rlOXKwAGpNNrwLgE44oE1JYqlNuNs3lVYmTDEgItyT+SfjG2TXuTQXkpQLzsxfRjqtA/APygjgw==",
        "dependencies": {
          "Humanizer.Core": "[3.0.10]"
        }
      },
      "Humanizer.Core.cs": {
        "type": "Transitive",
        "resolved": "3.0.10",
        "contentHash": "kaG0//ULYkyB8Rk4g5PgC2o8jrmG2joc8lgtyDzCiFCaobr0jgUn393JAIB0JUygbngEIfA0PMK3fLbMXcBNLQ==",
        "dependencies": {
          "Humanizer.Core": "[3.0.10]"
        }
      },
      "Humanizer.Core.da": {
        "type": "Transitive",
        "resolved": "3.0.10",
        "contentHash": "/MCePoHsSaRo03I1NSRut5iUzhYRIKL+UncbtpN8AZ3Vl0TOu0Psi9/6QyjD4gLLx45puiXB2S0lUjCdYmlP7w==",
        "dependencies": {
          "Humanizer.Core": "[3.0.10]"
        }
      },
      "Humanizer.Core.de": {
        "type": "Transitive",
        "resolved": "3.0.10",
        "contentHash": "UoJk/DmAOFZivuMulLoB52Pn5iFvSqurF7qQQAyUAz1/IUZjxkoeoiI5mMILEjVeGoQJqrylt6O+f8johCo0Bg==",
        "dependencies": {
          "Humanizer.Core": "[3.0.10]"
        }
      },
      "Humanizer.Core.el": {
        "type": "Transitive",
        "resolved": "3.0.10",
        "contentHash": "5oIHs25LMm1IBrhcxOYYLTFHZQfBaqgKxm0jAkYmsxedpDZkv1k+BHs2D5Kg1672/ZhTs4jsLbqYNXkHm671vw==",
        "dependencies": {
          "Humanizer.Core": "[3.0.10]"
        }
      },
      "Humanizer.Core.es": {
        "type": "Transitive",
        "resolved": "3.0.10",
        "contentHash": "epxhWWQJ/I610mJGTfQPTocjp7/xCIH6tiREVIlHb/sA1kDAD1zHQcHI+HgWFzn/LzzbVg99y8HVFFHUvjnfXA==",
        "dependencies": {
          "Humanizer.Core": "[3.0.10]"
        }
      },
      "Humanizer.Core.fa": {
        "type": "Transitive",
        "resolved": "3.0.10",
        "contentHash": "9BEFCpbWoUdq2JnLbkohqBfpjjdeMqFhkhCNk3qYmutZwSxuZHrCozppY14SSWI6b6qD1Veb3rVyHGz9Fex5AA==",
        "dependencies": {
          "Humanizer.Core": "[3.0.10]"
        }
      },
      "Humanizer.Core.fi": {
        "type": "Transitive",
        "resolved": "3.0.10",
        "contentHash": "9Nbbxs1WZH2Li6Q28tZC06Y0mXwmIGnCEO/2nRzHvTqf07153frndezl5ads4uX8mNs+hMnUGUsr03IsFhI3jQ==",
        "dependencies": {
          "Humanizer.Core": "[3.0.10]"
        }
      },
      "Humanizer.Core.fil": {
        "type": "Transitive",
        "resolved": "3.0.10",
        "contentHash": "zpUvc+riMHZ2QGYETwnaDiT4Y4fHv2/Ctpi8Nm5SujNmOuxQyQMEAcalbUqWaLjzfTcysKqlU/NkiNP86kGlCA==",
        "dependencies": {
          "Humanizer.Core": "[3.0.10]"
        }
      },
      "Humanizer.Core.fr": {
        "type": "Transitive",
        "resolved": "3.0.10",
        "contentHash": "k+STDkiJVeO/nA5s0/GeBdwZI17D9KgqyYA4XGxfGxtFACwbFyVKQLWLzlIR2BsrT53EkyKLAzuFJ9FCT2CyfQ==",
        "dependencies": {
          "Humanizer.Core": "[3.0.10]"
        }
      },
      "Humanizer.Core.he": {
        "type": "Transitive",
        "resolved": "3.0.10",
        "contentHash": "4WIzAg5hocnbnzaTnueYW/BRhCrQoPg/0U6WiUC4BJKGJDuVYbqIa8iVcHqhr7vVKd5ngFbhSsXuCgkYqOMaXQ==",
        "dependencies": {
          "Humanizer.Core": "[3.0.10]"
        }
      },
      "Humanizer.Core.hr": {
        "type": "Transitive",
        "resolved": "3.0.10",
        "contentHash": "USin9T/FsHjmxvaolEXgL6FOdw+1Juh7geqcjTvJRCdoo/U4Y/usoAiZRbFtDA//1od4yqSxEbmj+F16nKwbkQ==",
        "dependencies": {
          "Humanizer.Core": "[3.0.10]"
        }
      },
      "Humanizer.Core.hu": {
        "type": "Transitive",
        "resolved": "3.0.10",
        "contentHash": "Umon7VBTVDs8QFDqNzGm6MBD+43UZJoN44htW/+iJUDF2gl8K8meRup27Dkl2zvewW3ynZic/xwP2hTDaPjIjw==",
        "dependencies": {
          "Humanizer.Core": "[3.0.10]"
        }
      },
      "Humanizer.Core.hy": {
        "type": "Transitive",
        "resolved": "3.0.10",
        "contentHash": "PzdcqQMwyDYO81PYbzBf+gFMj+wzOYF3kz3mlJCcBX5mSmNRpLIwB2s6PC9OiNN/Y/ya1orHV/z0OY9j7NFc5Q==",
        "dependencies": {
          "Humanizer.Core": "[3.0.10]"
        }
      },
      "Humanizer.Core.id": {
        "type": "Transitive",
        "resolved": "3.0.10",
        "contentHash": "rMb9jvglGeeUxb6Z4EkXTg+et1Ri3DWZjlXs2WFle1Qpu39zWWF0l9rh9PQJb0fzeiZ8jOjiUhUI9lRnoAHHCQ==",
        "dependencies": {
          "Humanizer.Core": "[3.0.10]"
        }
      },
      "Humanizer.Core.is": {
        "type": "Transitive",
        "resolved": "3.0.10",
        "contentHash": "xnNgWY9azqXyclRYmy3D6kgnbdCcPFBAEN4yNdhu2IN10p7Y2T9YUw5R9jLWo5+NGM2uzbbyTxPGf4+9YYUc1w==",
        "dependencies": {
          "Humanizer.Core": "[3.0.10]"
        }
      },
      "Humanizer.Core.it": {
        "type": "Transitive",
        "resolved": "3.0.10",
        "contentHash": "iCrKxOX6q/PZgEk3vYyU1fHC0jnq0hiq7nwWXiuV7uF5VypOxwVeao3vkE6MLoNKW7RQN/TbP06n1TOqyhTA7A==",
        "dependencies": {
          "Humanizer.Core": "[3.0.10]"
        }
      },
      "Humanizer.Core.ja": {
        "type": "Transitive",
        "resolved": "3.0.10",
        "contentHash": "UicfcXwMibwWN3jLesdk702IRQVndgBUqueFr3iXVEn2POue06pHInSIruxNaPTscaNdGKxXZiIiJrN7pCVO9Q==",
        "dependencies": {
          "Humanizer.Core": "[3.0.10]"
        }
      },
      "Humanizer.Core.ko": {
        "type": "Transitive",
        "resolved": "3.0.10",
        "contentHash": "Zr/GwEilhAcmeiDxVKqr79ZK/SEpHfhKzXD15JZ1NpsfYnIfNAN/9i0o535UaadaDDT6EIVpkoGIYAGuYQ0Z4g==",
        "dependencies": {
          "Humanizer.Core": "[3.0.10]"
        }
      },
      "Humanizer.Core.ku": {
        "type": "Transitive",
        "resolved": "3.0.10",
        "contentHash": "j5Qm+CY+c8onfjO1O+TReCDg/epCYdfv5N5LNB+Ydcmn06gkR4HvbWJnk5UFLVHz8NMPmtCrv7CYwmPJ0+lJqw==",
        "dependencies": {
          "Humanizer.Core": "[3.0.10]"
        }
      },
      "Humanizer.Core.lb": {
        "type": "Transitive",
        "resolved": "3.0.10",
        "contentHash": "5lpkw49T6MQ7Gwa0k2JV4cw6aH5FdT1Ku1nfGeey/iScajHDV9mvdxjkxRZpFAhJ5W/5yCtMlHH992LpXFJkeA==",
        "dependencies": {
          "Humanizer.Core": "[3.0.10]"
        }
      },
      "Humanizer.Core.lt": {
        "type": "Transitive",
        "resolved": "3.0.10",
        "contentHash": "1OO4XZ/74tt5nkxYHnpj+ti1w0HdeMGi+AHR59asxcJ3A/iTDZR4RNRIvoj1MdYRe0HdTUjtnGXfA7tXXOkiYg==",
        "dependencies": {
          "Humanizer.Core": "[3.0.10]"
        }
      },
      "Humanizer.Core.lv": {
        "type": "Transitive",
        "resolved": "3.0.10",
        "contentHash": "S4RN1q/saAQxlFlRRUnmi3Oz+mIXRqWtIRZJA3VrvMmBy12cXIdpeY0+d+HCA58WXpI2diOrWxHq9KPUDPunIw==",
        "dependencies": {
          "Humanizer.Core": "[3.0.10]"
        }
      },
      "Humanizer.Core.ms": {
        "type": "Transitive",
        "resolved": "3.0.10",
        "contentHash": "m0+BJa9vG0GeuAWhmdmMxdUUa1cfGjyHZQeJoeivqxJrrtdUUFekXH0xbpvI3ErC8qu5Ufpmfnr6QAX0WQfkIw==",
        "dependencies": {
          "Humanizer.Core": "[3.0.10]"
        }
      },
      "Humanizer.Core.mt": {
        "type": "Transitive",
        "resolved": "3.0.10",
        "contentHash": "8GfXTko/iweepZHcUcOANreClfvTeCDfSuiMxLtFbUZQOBegLZ6VnTVun2gVtv5OANdOk64qhqUKIVLq2rG0rw==",
        "dependencies": {
          "Humanizer.Core": "[3.0.10]"
        }
      },
      "Humanizer.Core.nb": {
        "type": "Transitive",
        "resolved": "3.0.10",
        "contentHash": "UcdV9TWXG2MFVEkqHy8oD2ZbuFhFPLY7ScCJKWBu7OsgInyuHZe72hHP/i52T0FAgiVbrB+Urd3uoWiUT7hP9Q==",
        "dependencies": {
          "Humanizer.Core": "[3.0.10]"
        }
      },
      "Humanizer.Core.nl": {
        "type": "Transitive",
        "resolved": "3.0.10",
        "contentHash": "b+Y1CFId1ucl33OvNITID0eEVesOKiw/dmrcDJ4Z/P9KEuMTeE8aKu5/iSjwtPVV+SagaMx9XzZe7kVYyRqhuQ==",
        "dependencies": {
          "Humanizer.Core": "[3.0.10]"
        }
      },
      "Humanizer.Core.pl": {
        "type": "Transitive",
        "resolved": "3.0.10",
        "contentHash": "LJCt3+dGUQhopQ/1w/zzBNlUHtjkdrt57zS+llMQeFm+1u0e3R+lWJx4zP+hqZcpRA7armR38KghvRSz+bYBbg==",
        "dependencies": {
          "Humanizer.Core": "[3.0.10]"
        }
      },
      "Humanizer.Core.pt": {
        "type": "Transitive",
        "resolved": "3.0.10",
        "contentHash": "+cggEy6W08xD8GU45/EaMfvNQMCd7K1G7hprSPty/9zIoM3OzaajdMA/Oxrb0mHIKpARxCNbQ29ltOtip3MTNA==",
        "dependencies": {
          "Humanizer.Core": "[3.0.10]"
        }
      },
      "Humanizer.Core.pt-BR": {
        "type": "Transitive",
        "resolved": "3.0.10",
        "contentHash": "kbhwn4G+STHUT9cLDdrP60+ZFla4lTg6def+FTnhpMS4JHf8ll0TL1kz9Nj5DTJFdqnvs8/eYfmVhnEegyBjBw==",
        "dependencies": {
          "Humanizer.Core": "[3.0.10]"
        }
      },
      "Humanizer.Core.ro": {
        "type": "Transitive",
        "resolved": "3.0.10",
        "contentHash": "JwdY+SywNIDrFcWKyiZsgsSJkIleoAXAtCLYiLn+CNCk+135VwhchZHm5B9nNvpLjGVaP5Y0ouZQ8xTx1oeZag==",
        "dependencies": {
          "Humanizer.Core": "[3.0.10]"
        }
      },
      "Humanizer.Core.ru": {
        "type": "Transitive",
        "resolved": "3.0.10",
        "contentHash": "1vXr7pkV0zSZF6ENJUadsAagubrBAvTPHPgdgttHlMhUQ1Zz9ZWTJaQdmf2RCen4YywMmfsQQZiGqJl52LVT8Q==",
        "dependencies": {
          "Humanizer.Core": "[3.0.10]"
        }
      },
      "Humanizer.Core.sk": {
        "type": "Transitive",
        "resolved": "3.0.10",
        "contentHash": "LD93nJw1zwXuC+LSw3+02Jk02bdAoENHzb/qrMoGBf70XeV2rBeoxSyJBVLHQ00RZfwNSy6TCTXQyagESVmN+Q==",
        "dependencies": {
          "Humanizer.Core": "[3.0.10]"
        }
      },
      "Humanizer.Core.sl": {
        "type": "Transitive",
        "resolved": "3.0.10",
        "contentHash": "utURJ8K/tnbA5KXlKcT8T+35MEVdZrXUvu2tH+T6M9xxJ1MhLGuFWnc687pcsLdpaLnGB7ZVwrAITlueAE+KGA==",
        "dependencies": {
          "Humanizer.Core": "[3.0.10]"
        }
      },
      "Humanizer.Core.sr": {
        "type": "Transitive",
        "resolved": "3.0.10",
        "contentHash": "e2bVzUAjEpxjFdLVmXZL9EsdVojlV/8GMwZzwDS6OByfG+PP5JxemKylK6FoUK5X2IBPNg68LOvn72WgwaruIQ==",
        "dependencies": {
          "Humanizer.Core": "[3.0.10]"
        }
      },
      "Humanizer.Core.sr-Latn": {
        "type": "Transitive",
        "resolved": "3.0.10",
        "contentHash": "VXPlm+eg5sraDhZ50WGiMZMvj4I2d+0VAy8cNaLLXNt+EgkUz646dRfg5HrQPPjtBbegj6o7gcg8Xl6z0ke+hA==",
        "dependencies": {
          "Humanizer.Core": "[3.0.10]"
        }
      },
      "Humanizer.Core.sv": {
        "type": "Transitive",
        "resolved": "3.0.10",
        "contentHash": "COq4bbUKk7F1jfE2sC/ZmomoQqX0Herwe1iXZyDl5zyw21mUY9wL96S1qbRmRp15UmGzFJdqBPdnd58P7kVMyg==",
        "dependencies": {
          "Humanizer.Core": "[3.0.10]"
        }
      },
      "Humanizer.Core.th": {
        "type": "Transitive",
        "resolved": "3.0.10",
        "contentHash": "8A4lZCLE6bEPYdQKeGfPBHDgAsY30TWWdjoWA1+vAfLA9Ip1l2Ons+Ngw4npkcoI3qdCidU6hWOsFnPfJ8ZufQ==",
        "dependencies": {
          "Humanizer.Core": "[3.0.10]"
        }
      },
      "Humanizer.Core.tr": {
        "type": "Transitive",
        "resolved": "3.0.10",
        "contentHash": "aRAxq1VyuIVoFdx8TZyVsRoDk0yqe9NATjhGgWHPsdR8TVHnuiyXeEbiXf846870VteyLJL9tVy3jaj2rC45tw==",
        "dependencies": {
          "Humanizer.Core": "[3.0.10]"
        }
      },
      "Humanizer.Core.uk": {
        "type": "Transitive",
        "resolved": "3.0.10",
        "contentHash": "NPnGZ1jdoMDYGrsHt5aLlj7Ambp7i5ER/5BbtjBSegn3+PliMbd4Eftr1Ind4qvCU6rTP2a9lUqBoRd+hSVA+g==",
        "dependencies": {
          "Humanizer.Core": "[3.0.10]"
        }
      },
      "Humanizer.Core.uz-Cyrl-UZ": {
        "type": "Transitive",
        "resolved": "3.0.10",
        "contentHash": "8NSyuiTlCfse1ki9QeO35IpZLcxoMlSMGvEY892aw9CNGaDMROQjFzf1iKJkWTyB9atrHHPuWlasBAFk2QkT9w==",
        "dependencies": {
          "Humanizer.Core": "[3.0.10]"
        }
      },
      "Humanizer.Core.uz-Latn-UZ": {
        "type": "Transitive",
        "resolved": "3.0.10",
        "contentHash": "FaSETkwfUiDU/RHlD54xbBKEZXnFIUnTNTnA5ZYXgDOiMmX6cY7vyRDmI1YpQtO+QR1irSettpLFpHeysslnpA==",
        "dependencies": {
          "Humanizer.Core": "[3.0.10]"
        }
      },
      "Humanizer.Core.vi": {
        "type": "Transitive",
        "resolved": "3.0.10",
        "contentHash": "Uz5gph//0eNP0Ta1tqdKDyghiUnZdW0aVW4MK/poD5hLEH1qLoDTWuTb8gxj3F8GvSFjgVmF9HZGQx5cO06N8Q==",
        "dependencies": {
          "Humanizer.Core": "[3.0.10]"
        }
      },
      "Humanizer.Core.zh-CN": {
        "type": "Transitive",
        "resolved": "3.0.10",
        "contentHash": "7veG4JdZ4OeYNlgci/6I/Xf9G/iCljBcwsbLVyGaqdia+2UMAp1iGu+MCs3zKOmEvcb4ipHGFkwT5d/2WfEevA==",
        "dependencies": {
          "Humanizer.Core": "[3.0.10]"
        }
      },
      "Humanizer.Core.zh-Hans": {
        "type": "Transitive",
        "resolved": "3.0.10",
        "contentHash": "z8E2R0QL43NB6m8ntQaL1cONMjudoIJXvMQUFXG4OaKp5iyYqWs6FMC2B7x2rLxOynpsxoq5AQ/8BO0pMdfZrw==",
        "dependencies": {
          "Humanizer.Core": "[3.0.10]"
        }
      },
      "Humanizer.Core.zh-Hant": {
        "type": "Transitive",
        "resolved": "3.0.10",
        "contentHash": "KI5Nv82v9diPBxcBAwIAvZQHjSrDy7He0atnzdZghS+QchHwlkPKhTyEzVSbOZdD42RxCX1ArMiL864A2iw34Q==",
        "dependencies": {
          "Humanizer.Core": "[3.0.10]"
        }
      },
      "JetBrains.Annotations": {
        "type": "Transitive",
        "resolved": "2026.2.0",
        "contentHash": "drvAEaI7Xf4wU6dx4UTB9MoZWXZlraaQ0qoeThPQ411FxNhId7QdUTukIC9I8aUHP0ycAaGwZNKqSvfOZQvUlg=="
      },
      "Markdig": {
        "type": "Transitive",
        "resolved": "0.23.0",
        "contentHash": "jPPcnHGSDSedPvwZ6jiMJpvK3iJGA2djU6TFmEr6XK2BiYK1ier2lTHVwDt41XLxDbfGu5Dn42hKDzwqs049PA=="
      },
      "MessagePack": {
        "type": "Transitive",
        "resolved": "3.1.8",
        "contentHash": "Qk2q+9FVxnMSp+NQ9y3SLz3HqWe7Rg3KRMHhBX28FkKUoOeP9YIU86mA4pFOxDDjUIRA9e7Ssbxs/LwWUcAzPw==",
        "dependencies": {
          "MessagePack.Annotations": "3.1.8",
          "MessagePackAnalyzer": "3.1.8",
          "Microsoft.NET.StringTools": "17.11.4"
        }
      },
      "MessagePack.Annotations": {
        "type": "Transitive",
        "resolved": "3.1.8",
        "contentHash": "SitOtZ4tOlAZZPF7p52M7143F+Cuz7o/aU0MrtAXX0+ZkPXzDNroOFhzzE2ogMFThsoEW/E6akXVVcBFM9ZKaw=="
      },
      "MessagePackAnalyzer": {
        "type": "Transitive",
        "resolved": "3.1.8",
        "contentHash": "Vm4g0cR4YRKRchEOmMJ0uVFU6yxdg7cJa2KHv3SUAHEsdYKvMpHMF5A1hZfsix89ymD5cmuzRnw9a6dKMcvq+Q=="
      },
      "Microsoft.AspNetCore.Connections.Abstractions": {
        "type": "Transitive",
        "resolved": "10.0.12",
        "contentHash": "pP5CXSG//gboXUGrgRrrfWxEWJQ1DJLbTo5BulmPp+GaiWf/KbjCCujWlkh7rPTBSWAP+5s4KXti3JAF5akdxA==",
        "dependencies": {
          "Microsoft.Extensions.Features": "10.0.12"
        }
      },
      "Microsoft.AspNetCore.Http.Connections.Client": {
        "type": "Transitive",
        "resolved": "10.0.12",
        "contentHash": "HEO648tD8OyX6aUNQwJSl1eKQk5eQChuHTqpybv2ep7/518/M27yeDDFxAh2M/LW+22tbbooao6raNEHm7lBhA==",
        "dependencies": {
          "Microsoft.AspNetCore.Http.Connections.Common": "10.0.12",
          "Microsoft.Extensions.Logging.Abstractions": "10.0.12",
          "Microsoft.Extensions.Options": "10.0.12"
        }
      },
      "Microsoft.AspNetCore.Http.Connections.Common": {
        "type": "Transitive",
        "resolved": "10.0.12",
        "contentHash": "EyxNhHve9DXcRgbVGFdx14738QULLUREvDLHS/q9m28bwrBMMeZRnwNQcszowCuHt2cgKnYDwJwUaAJgByiigQ==",
        "dependencies": {
          "Microsoft.AspNetCore.Connections.Abstractions": "10.0.12"
        }
      },
      "Microsoft.AspNetCore.SignalR.Client": {
        "type": "Transitive",
        "resolved": "10.0.12",
        "contentHash": "p5EFZrp20HlS1MbYkreyhHy4nXeq/LrXVLWbQLBuAz2eFCdSnKfoNVlxZYbFoEjzJxa68CYdEFe9ObCaYTUP8Q==",
        "dependencies": {
          "Microsoft.AspNetCore.Http.Connections.Client": "10.0.12",
          "Microsoft.AspNetCore.SignalR.Client.Core": "10.0.12"
        }
      },
      "Microsoft.AspNetCore.SignalR.Client.Core": {
        "type": "Transitive",
        "resolved": "10.0.12",
        "contentHash": "+kCyWCOvZteBkqfbpmoi+ejIR1XVJOY4ydDNYrYt1WdXv/ruJS4WjDfCizGZ5lvn/OmRdMuVdh8opopbNveQcw==",
        "dependencies": {
          "Microsoft.AspNetCore.SignalR.Common": "10.0.12",
          "Microsoft.AspNetCore.SignalR.Protocols.Json": "10.0.12",
          "Microsoft.Extensions.DependencyInjection": "10.0.12",
          "Microsoft.Extensions.Logging": "10.0.12"
        }
      },
      "Microsoft.AspNetCore.SignalR.Common": {
        "type": "Transitive",
        "resolved": "10.0.12",
        "contentHash": "7DDVLxtjLtBBfle9RxZhiYc0PTSD4rc0SV4FZiT3Tdz6NxlrcnPqcGWME9Mc0PtbQ+X5GSgyPeyjGfA/tSfG8A==",
        "dependencies": {
          "Microsoft.AspNetCore.Connections.Abstractions": "10.0.12",
          "Microsoft.Extensions.Options": "10.0.12"
        }
      },
      "Microsoft.AspNetCore.SignalR.Protocols.Json": {
        "type": "Transitive",
        "resolved": "10.0.12",
        "contentHash": "NVG8jfnuS850Cu4axdURINdArwKn/N+OyaA6A8/ERyWdflMMLFF25ZSEzAMnMD81rwNaPTVngTq0fE2xbuRwLQ==",
        "dependencies": {
          "Microsoft.AspNetCore.SignalR.Common": "10.0.12"
        }
      },
      "Microsoft.AspNetCore.SignalR.Protocols.MessagePack": {
        "type": "Transitive",
        "resolved": "10.0.12",
        "contentHash": "RMytyb+1b+UI7m2NjYPMlkr6D//2OVSV7eBpmP6RQOOI4fuwk+h3xliGaX3O/fG13f60+Re480rc6xmN7jNg6w==",
        "dependencies": {
          "MessagePack": "2.5.302",
          "Microsoft.AspNetCore.SignalR.Common": "10.0.12"
        }
      },
      "Microsoft.AspNetCore.SignalR.Protocols.NewtonsoftJson": {
        "type": "Transitive",
        "resolved": "10.0.12",
        "contentHash": "1Ith4vhkrwkd/JPza7XJXa/ApGFV3DPNHqdHoxcj7C3b+siL0UEE54TO6QCx5bzpfLe0hW7NbgjN+pSKXEsd5w==",
        "dependencies": {
          "Microsoft.AspNetCore.SignalR.Common": "10.0.12",
          "Newtonsoft.Json": "13.0.3"
        }
      },
      "Microsoft.Data.Sqlite.Core": {
        "type": "Transitive",
        "resolved": "10.0.12",
        "contentHash": "2aL9eL5HQr0V4b8V909SD+jQAx6qnTTl7sT/v3D8dIvmr2UGdpZIQxqm1pj2Js3e4EYTvpw0oMH7DjapJJuPPw==",
        "dependencies": {
          "SQLitePCLRaw.core": "2.1.12"
        }
      },
      "Microsoft.Diagnostics.NETCore.Client": {
        "type": "Transitive",
        "resolved": "0.2.61701",
        "contentHash": "/whUqXLkTiUvG+vfSFd77DHHsLZW2HztZt+ACOpuvGyLKoGGN86M8cR1aYfRW6fxXF3SVGMKMswcL485SQEDuQ=="
      },
      "Microsoft.Diagnostics.Runtime": {
        "type": "Transitive",
        "resolved": "2.0.161401",
        "contentHash": "nNmtpo0LC265E66GyoftYZ3TSyptF+i3so/wc9AAtKK0w85Nrkz2EiF0oOzJgBXVw5grrbusxoiPOEpZoVkSSg==",
        "dependencies": {
          "Microsoft.Diagnostics.NETCore.Client": "0.2.61701"
        }
      },
      "Microsoft.Extensions.Configuration.Abstractions": {
        "type": "Transitive",
        "resolved": "10.0.12",
        "contentHash": "8xaGcvS/qZ1otoxPQCEJkNva389CVL/plNcvIETZhQTETYdRkYDPEYhUMoAGONo4FU45ufdfE0j29AfWVVj0wA==",
        "dependencies": {
          "Microsoft.Extensions.Primitives": "10.0.12"
        }
      },
      "Microsoft.Extensions.DependencyInjection": {
        "type": "Transitive",
        "resolved": "10.0.12",
        "contentHash": "lXyK2O5GoYvfxW8eCFcD16JFbcoSTM1sJkAM0UHS1jZyl9NYMW64Tqm6OQFT0IDBjZi+xHt95/Zg+nxZhGFhZg==",
        "dependencies": {
          "Microsoft.Extensions.DependencyInjection.Abstractions": "10.0.12"
        }
      },
      "Microsoft.Extensions.DependencyInjection.Abstractions": {
        "type": "Transitive",
        "resolved": "10.0.12",
        "contentHash": "9/qymSh7hVDMGTGwrLz8MRp5zRyXy9adGDOs4HwRdnLil3oZGYuWeZjbmHgCQ9BL1qBroVfgUK3U/nb61617Cw=="
      },
      "Microsoft.Extensions.Features": {
        "type": "Transitive",
        "resolved": "10.0.12",
        "contentHash": "GaHsj8gISJ4BtRI4iK4meCil+LAYmv3NWuPKg6d29sw9cNsEN+1N8UMQXA/JhUXdrGTy16+B+YtjY3bco/8jMA=="
      },
      "Microsoft.Extensions.Logging": {
        "type": "Transitive",
        "resolved": "10.0.12",
        "contentHash": "6I46fTPfgYkrjRYfRXbho9WOvOelTnNjWuZws/hzGHDASH1LEJeA4VKK9k3wJvido8o7jJSB5WkMTonX7HM1bA==",
        "dependencies": {
          "Microsoft.Extensions.DependencyInjection": "10.0.12",
          "Microsoft.Extensions.Logging.Abstractions": "10.0.12",
          "Microsoft.Extensions.Options": "10.0.12"
        }
      },
      "Microsoft.Extensions.Logging.Abstractions": {
        "type": "Transitive",
        "resolved": "10.0.12",
        "contentHash": "+24lC4plfbEDNfLAdTV/SWKS7dW+16X4HdydO3R++134kSNTzcbYA4KpR1Hdh6uWisB8Za3AzwyOn+K+NxWIug==",
        "dependencies": {
          "Microsoft.Extensions.DependencyInjection.Abstractions": "10.0.12"
        }
      },
      "Microsoft.Extensions.ObjectPool": {
        "type": "Transitive",
        "resolved": "10.0.11",
        "contentHash": "p76ztQFROBOlHgdV1vXfmTjRyu073Av7ZlsiLR93ka6+nzkLCeV2ONXq0DO/BGf71REqGW29Uy/20fzQHAjB7Q=="
      },
      "Microsoft.Extensions.Options": {
        "type": "Transitive",
        "resolved": "10.0.12",
        "contentHash": "TDYD33TSRpXKZWlmTXNlj5kCihxatmv2Ec1u6C+bMYLphCS7PoSLE9Pjd/nunDoE7yETk+LLKjVJX78HYtWjpA==",
        "dependencies": {
          "Microsoft.Extensions.DependencyInjection.Abstractions": "10.0.12",
          "Microsoft.Extensions.Primitives": "10.0.12"
        }
      },
      "Microsoft.Extensions.Primitives": {
        "type": "Transitive",
        "resolved": "10.0.12",
        "contentHash": "dYfCLR52UA+3DL7C4I/pvSaRPkNqxrUAQmbFL2u0zvYKKzqgrFCJl08Df+F1aYc8leu9JvpC9bsURUdpExcBXQ=="
      },
      "Microsoft.NET.StringTools": {
        "type": "Transitive",
        "resolved": "17.11.4",
        "contentHash": "mudqUHhNpeqIdJoUx2YDWZO/I9uEDYVowan89R6wsomfnUJQk6HteoQTlNjZDixhT2B4IXMkMtgZtoceIjLRmA=="
      },
      "Microsoft.NETCore.Platforms": {
        "type": "Transitive",
        "resolved": "1.1.0",
        "contentHash": "kz0PEW2lhqygehI/d6XsPCQzD7ff7gUJaVGPVETX611eadGsA3A877GdSlU0LRVMCTH/+P3o2iDTak+S08V2+A=="
      },
      "Microsoft.Toolkit.HighPerformance": {
        "type": "Transitive",
        "resolved": "7.1.2",
        "contentHash": "cezzRky0BUJyYmSrcQUcX8qAv90JfUwCqWEbqfWZLHyeANo9/LWgW6y50pqbyc8r8SPXVsu2GNH98fB3VxrnvA=="
      },
      "MongoDB.Bson": {
        "type": "Transitive",
        "resolved": "2.21.0",
        "contentHash": "QT+D1I3Jz6r6S6kCgJD1L9dRCLVJCKlkGRkA+tJ7uLpHRmjDNcNKy4D1T+L9gQrjl95lDN9PHdwEytdvCW/jzA=="
      },
      "NETStandard.Library": {
        "type": "Transitive",
        "resolved": "1.6.1",
        "contentHash": "WcSp3+vP+yHNgS8EV5J7pZ9IRpeDuARBPN28by8zqff1wJQXm26PVU8L3/fYLBJVU7BtDyqNVWq2KlCVvSSR4A==",
        "dependencies": {
          "Microsoft.NETCore.Platforms": "1.1.0"
        }
      },
      "Newtonsoft.Json": {
        "type": "Transitive",
        "resolved": "13.0.4",
        "contentHash": "pdgNNMai3zv51W5aq268sujXUyx7SNdE2bj1wZcWjAQrKMFZV260lbqYop1d2GM67JI1huLRwxo9ZqnfF/lC6A=="
      },
      "NUnit": {
        "type": "Transitive",
        "resolved": "4.6.1",
        "contentHash": "xS4+YaBFUv1r8bcAbjitSfYaRZGfMwUiMdiaRziBXZpKgVxKDSHhjUn0mV5mObHGZRZq6eNa+WFWr3g8grj66A=="
      },
      "OpenTabletDriver": {
        "type": "Transitive",
        "resolved": "0.6.7",
        "contentHash": "8A6Nm8bpJ3GqiiwAb4p4lWGJspSLYgRP4yzB/dPGCoqwyvtslONXK5CCKCMjtodIgH9x6p7Z7YWQHUeJUDF0NA==",
        "dependencies": {
          "HidSharpCore": "1.3.0",
          "Microsoft.Extensions.DependencyInjection": "10.0.1",
          "Newtonsoft.Json": "13.0.4",
          "OpenTabletDriver.Configurations": "0.6.7",
          "OpenTabletDriver.Native": "0.6.7",
          "OpenTabletDriver.Plugin": "0.6.7"
        }
      },
      "OpenTabletDriver.Configurations": {
        "type": "Transitive",
        "resolved": "0.6.7",
        "contentHash": "n1/cRPLnqRLb5PV0RzxPeFqVEuK9kmlncb44bXsRcmYfDIVsdOCkbfoA/Jv1ZUsqvJdaH+FmpIE1LCxXfr2oyw==",
        "dependencies": {
          "Newtonsoft.Json": "13.0.4",
          "OpenTabletDriver.Plugin": "0.6.7"
        }
      },
      "OpenTabletDriver.Native": {
        "type": "Transitive",
        "resolved": "0.6.7",
        "contentHash": "ajxIF9DG+SROD3hqe7YBppvNkLcD4JtZ7v+MtiM+nf7o9LWhyO0Cly1+7JsVEoP99JRoM+JGUISMQpVnIwyc9A=="
      },
      "OpenTabletDriver.Plugin": {
        "type": "Transitive",
        "resolved": "0.6.7",
        "contentHash": "jszqDn5QZzD9P1IB63rUo2x++KAGJ11ft+gX1KJq3T37BNNz9f/CjU/gxCuivlGHoPb9pyxijM/Ka0lCrxaC8Q==",
        "dependencies": {
          "JetBrains.Annotations": "2025.2.4",
          "Newtonsoft.Json": "13.0.4",
          "System.ComponentModel.Annotations": "5.0.0"
        }
      },
      "PolySharp": {
        "type": "Transitive",
        "resolved": "1.10.0",
        "contentHash": "+uNyVhhKOskjJLKOwIQ2qGaA0T507FaMbz5RwLAtmRaMaTAcUAZAiZvSk4Z8z6GkmqOyO1zryYNXmO0Vh7IrYQ=="
      },
      "ppy.managed-midi": {
        "type": "Transitive",
        "resolved": "1.10.2",
        "contentHash": "xdvnlIE7DDb1rm/VU2MS75leZRBgal9KF+LGyDg4uzpnpfi61ADSyvYnOm0kv6RmPG9L1stKUy5SJpqgrQq5Hg=="
      },
      "ppy.ManagedBass": {
        "type": "Transitive",
        "resolved": "2022.1216.0",
        "contentHash": "M4qapV6rapjvLD7b/O9RmCeS4ysRpLOS6JxyTaULq7KZ4BdZ+q+Q7kAHEa4RYApWr0KrT+7fLBIH7bGPoyxPCg=="
      },
      "ppy.ManagedBass.Fx": {
        "type": "Transitive",
        "resolved": "2022.1216.0",
        "contentHash": "25gtJKFf4jmyZwDCSMkUIvmho1ahOq4X+V+lpoImzCF3SBFZiGRXZWhv6q8exCw+fei2YdqDYlgxXaQpGPCLAw==",
        "dependencies": {
          "ppy.ManagedBass": "2022.1216.0"
        }
      },
      "ppy.ManagedBass.Mix": {
        "type": "Transitive",
        "resolved": "2022.1216.0",
        "contentHash": "srvUaD7EYA+mACB6tvIl/8zMYREgde88v+lxZ1GM19yP+190P3FwsiT6E1bAOJxGn/TrrmTOBz7v6eofVziCdw==",
        "dependencies": {
          "ppy.ManagedBass": "2022.1216.0"
        }
      },
      "ppy.ManagedBass.Wasapi": {
        "type": "Transitive",
        "resolved": "2022.1216.0",
        "contentHash": "xL8KjGdgQzSDjdwvKzRslZ2ejTzswJZPrkmgYAf8gGtCd2YyUu1xxGzu5fvSfHFqOjGeJiN2dEg8BfxpoTITZw==",
        "dependencies": {
          "ppy.ManagedBass": "2022.1216.0"
        }
      },
      "ppy.osu.Framework": {
        "type": "Transitive",
        "resolved": "2026.914.0",
        "contentHash": "MWtPptCP8EApYeVU7W/isoBP53BvOVkPCfMw8OKGi4yejg5OzFbid/JkswfsQTGX/z4GWLt2y/T0t70klhKY+g==",
        "dependencies": {
          "FFmpeg.AutoGen": "4.3.0.1",
          "JetBrains.Annotations": "2026.2.0",
          "Markdig": "0.23.0",
          "Microsoft.Diagnostics.Runtime": "2.0.161401",
          "Microsoft.Extensions.ObjectPool": "10.0.11",
          "NUnit": "4.6.1",
          "Newtonsoft.Json": "13.0.4",
          "OpenTabletDriver": "0.6.7",
          "SharpFNT": "2.0.0",
          "SixLabors.ImageSharp": "3.1.11",
          "StbiSharp": "1.2.2",
          "System.Numerics.Tensors": "10.0.11",
          "ppy.ManagedBass": "2022.1216.0",
          "ppy.ManagedBass.Fx": "2022.1216.0",
          "ppy.ManagedBass.Mix": "2022.1216.0",
          "ppy.ManagedBass.Wasapi": "2022.1216.0",
          "ppy.SDL2-CS": "1.0.741-alpha",
          "ppy.SDL3-CS": "2026.722.0",
          "ppy.Veldrid": "4.9.69-ga405fe8484",
          "ppy.Veldrid.SPIRV": "1.0.15-g85a0a20a7c",
          "ppy.managed-midi": "1.10.2",
          "ppy.osu.Framework.NativeLibs": "2025.806.0-nativelibs",
          "ppy.osu.Framework.SourceGeneration": "2025.1121.1",
          "ppy.osuTK.NS20": "1.0.211"
        }
      },
      "ppy.osu.Framework.NativeLibs": {
        "type": "Transitive",
        "resolved": "2025.806.0-nativelibs",
        "contentHash": "andr6OYdjUCpglWMdKoXarGVcgQFza3oRZ8LMJFHjv31N2tO6v9DTs6gZdJB8YWuOBMn77A6Eg3Hy38UZhD9IA=="
      },
      "ppy.osu.Framework.SourceGeneration": {
        "type": "Transitive",
        "resolved": "2025.1121.1",
        "contentHash": "aKapKe8XtU6+bM+5vWxfF8P3IEI6N/oN0xwSqNr+T/czDSKlHAMsEvNJy2mCdcJeEU1e0SxIM703wWrb8g1jqA=="
      },
      "ppy.osu.Game.Resources": {
        "type": "Transitive",
        "resolved": "2026.909.0",
        "contentHash": "n77o6WxODLnYWF0iZH47/a8Pqt7qw7hoAAL+saETe5H+Pb/duB7E653QsvHf4Ysy6LpIMUyMxtn9wgKsGPnaCA=="
      },
      "ppy.osuTK.NS20": {
        "type": "Transitive",
        "resolved": "1.0.211",
        "contentHash": "6KkAn062tb1cD8letZpqcUZgTKmRetYD4hnudGtP32FoODtDFdjAGz+0tg82o/mtZxOyAPWuQk5ohtlRCaWbLg=="
      },
      "ppy.SDL2-CS": {
        "type": "Transitive",
        "resolved": "1.0.741-alpha",
        "contentHash": "6mjubcZCHcYRog2nit9gmcQss7hTprnAvfR9U3UmCcEi1KoNyzKDuI862mNae0dmgLPviSubywG08e54jT52Lg=="
      },
      "ppy.SDL3-CS": {
        "type": "Transitive",
        "resolved": "2026.722.0",
        "contentHash": "Sof8ihhvW7z4YTVGoSjrAEeRiddIbvb9zXbEIfBoqRw38suzo6R5V+4krRVb4JwzyahS0tGFnNOxW2hHRr18Dg=="
      },
      "ppy.Veldrid": {
        "type": "Transitive",
        "resolved": "4.9.69-ga405fe8484",
        "contentHash": "TV+ufm1jC9jeWe4Ubb15/DI/9xbmZxx3+vsVDrRehHnTS9i/8I+vPMl7zsexInPG/Gb9NDgItL45C1hGrRl9qg==",
        "dependencies": {
          "Vortice.D3DCompiler": "2.4.2",
          "Vortice.Direct3D11": "2.4.2",
          "ppy.Veldrid.MetalBindings": "4.9.69-ga405fe8484",
          "ppy.Veldrid.OpenGLBindings": "4.9.69-ga405fe8484",
          "ppy.Vk": "1.0.26"
        }
      },
      "ppy.Veldrid.MetalBindings": {
        "type": "Transitive",
        "resolved": "4.9.69-ga405fe8484",
        "contentHash": "lRtFkLswqdLZmq9q5JC2IB4DT4tAVcutB/zTQUJ7MnGSWFutrj8cxDh3/orFMojS1VAaU19MMC6h6QXqAbUa7w=="
      },
      "ppy.Veldrid.OpenGLBindings": {
        "type": "Transitive",
        "resolved": "4.9.69-ga405fe8484",
        "contentHash": "DF7jtLhMDsPupDoSYawLiM2Ho3XzQyBwxKMWmAYO27CGgDoWLxVa/CGrGTzgHdprH//zIBM4eK0pvJzzL06CYA=="
      },
      "ppy.Veldrid.SPIRV": {
        "type": "Transitive",
        "resolved": "1.0.15-g85a0a20a7c",
        "contentHash": "hS/kUE6ztZMg3eHG+Ze8jSFiV7G5fjN//bpCQO3FN8wsM0p9SsinykNC4E0s2nw3oHpiOWPwClu3NkJmavbo+A==",
        "dependencies": {
          "ppy.Veldrid": "4.9.69-ga405fe8484"
        }
      },
      "ppy.Vk": {
        "type": "Transitive",
        "resolved": "1.0.26",
        "contentHash": "hovUs8hPS2QUChNnaU/3IflJsVtXXMa3KSxRjA3gxBOalTYzL2jD35Dusf7bYDw+imeu56pResM7qDxvKXnvZw=="
      },
      "Realm": {
        "type": "Transitive",
        "resolved": "20.1.0",
        "contentHash": "jDwR8r8gDZq3Mrlzx1MYtg7FodPFD4Kpku9QMh5Q0Lzia0nfTZo9/Q9ZMFGhwuZSv7T78EvMAr3LPm8iwR7wnQ==",
        "dependencies": {
          "Fody": "6.9.1",
          "MongoDB.Bson": "2.21.0",
          "Remotion.Linq": "2.2.0"
        }
      },
      "Remotion.Linq": {
        "type": "Transitive",
        "resolved": "2.2.0",
        "contentHash": "fK/76UmpC0FXBlGDFVPLJHQlDLYnGC+XY3eoDgCgbtrhi0vzbXDQ3n/IYHhqSKqXQfGw/u04A1drWs7rFVkRjw=="
      },
      "Sentry": {
        "type": "Transitive",
        "resolved": "6.11.0",
        "contentHash": "TsT5Gj77PTh3lHQGS+8dLxucTmiZEfLxkqRygIHwYQXRXmMC4fFDbf1AoQe8LXOOFDYhPM2SNf8TTfexvkP0nQ=="
      },
      "SharpCompress": {
        "type": "Transitive",
        "resolved": "0.50.4",
        "contentHash": "/hxjUR7DEX6mky8/LQXyrnrKioOL6D6veAID1EZpro+q4s02x5dHEYBV3qjEN6lDYYilDoQQ76BcmQj+lRx51w=="
      },
      "SharpFNT": {
        "type": "Transitive",
        "resolved": "2.0.0",
        "contentHash": "V+3yfhfbncNFZKnqUmUI+zsTI+SMxB47va4NE9Gxs8yfZfbOYI1T/jz99JZ+ZwpJzPryzm7J9cY9RJU3vTHAUA==",
        "dependencies": {
          "NETStandard.Library": "1.6.1"
        }
      },
      "SharpGen.Runtime": {
        "type": "Transitive",
        "resolved": "2.0.0-beta.13",
        "contentHash": "H+Up2Er3ptWzcQ+CAO652fEsBLAmoXqKqtvc/6ycRV9XfLN2XJch0h8CwKQ3muD6eADPFf8Xp+nDQ8wDpcRDlg==",
        "dependencies": {
          "PolySharp": "1.10.0"
        }
      },
      "SharpGen.Runtime.COM": {
        "type": "Transitive",
        "resolved": "2.0.0-beta.13",
        "contentHash": "H22LsE3XTIOevf2TJgPgPnfYmjMlCtN+QYZVxzXlgTrgG2jHSTUTKZpIMPbKliLJGCEnDfX6yvBJvya0/xRTkA==",
        "dependencies": {
          "PolySharp": "1.10.0",
          "SharpGen.Runtime": "2.0.0-beta.13"
        }
      },
      "SixLabors.ImageSharp": {
        "type": "Transitive",
        "resolved": "3.1.11",
        "contentHash": "JfPLyigLthuE50yi6tMt7Amrenr/fA31t2CvJyhy/kQmfulIBAqo5T/YFUSRHtuYPXRSaUHygFeh6Qd933EoSw=="
      },
      "SQLite": {
        "type": "Transitive",
        "resolved": "3.53.4",
        "contentHash": "KN7jeWqgUPeBRe1FlcpZURzxomuKKEKHmBBQfg+Nx7NkY1LjKhzHvH+3ASkNvhayESE34nMBinL9CV21JfPRJw=="
      },
      "SQLitePCLRaw.bundle_e_sqlite3": {
        "type": "Transitive",
        "resolved": "3.0.5",
        "contentHash": "SW8iASIyWMrLzqabUHYQRvALhvD4ylSBsj4PgEVGwc36kQjc9xT5kSV/XQ9rU7nIpBWD+LPyX3Hlw5FzyUzGeQ==",
        "dependencies": {
          "SQLite": "3.53.4",
          "SQLitePCLRaw.config.e_sqlite3": "3.0.5"
        }
      },
      "SQLitePCLRaw.config.e_sqlite3": {
        "type": "Transitive",
        "resolved": "3.0.5",
        "contentHash": "aSk8WE5tF2MybESMgtZAEyMVCAWA0nBqOMc48HFoa9UoSdtm3goDXVzNRnefeKIwE6bV9NaNXptn1F9ReMQI0Q==",
        "dependencies": {
          "SQLitePCLRaw.provider.e_sqlite3": "3.0.5"
        }
      },
      "SQLitePCLRaw.core": {
        "type": "Transitive",
        "resolved": "3.0.5",
        "contentHash": "k81AYXXRCw3Zj8rOhyBoCsx/U97KYDFI2CSKr/ijl5BwpsW/hX/4kBiDmerFaoust8nxBwa0IHQFw8MmSHRtnQ=="
      },
      "SQLitePCLRaw.provider.e_sqlite3": {
        "type": "Transitive",
        "resolved": "3.0.5",
        "contentHash": "um8YSWduhhuskTG2bHfZrBqMNQOydfU8pcseT+cu5RivOGyoUbCrGXxgoRNTmRYw2VbMWnEZVVFcneZT/5dsBg==",
        "dependencies": {
          "SQLitePCLRaw.core": "3.0.5"
        }
      },
      "StbiSharp": {
        "type": "Transitive",
        "resolved": "1.2.2",
        "contentHash": "306VWm08kl6b06vrviDbfI4TgLO2R2z97TBRb+BwY69vG+NnIpyc/nBhtGcFVAzcBnSJH85g1XoZCbLC/Y9NpQ=="
      },
      "System.ComponentModel.Annotations": {
        "type": "Transitive",
        "resolved": "5.0.0",
        "contentHash": "dMkqfy2el8A8/I76n2Hi1oBFEbG1SfxD2l5nhwXV3XjlnOmwxJlQbYpJH4W51odnU9sARCSAgv7S3CyAFMkpYg=="
      },
      "System.Numerics.Tensors": {
        "type": "Transitive",
        "resolved": "10.0.11",
        "contentHash": "4jNNt67NhCqf3bf2FN0mrsC+EH60L7Sny6poqVeiviB27Kw7TQzMmgn8HIaPc8E9EcuGusUyfeu21gLfzcBpDA=="
      },
      "TagLibSharp": {
        "type": "Transitive",
        "resolved": "2.3.0",
        "contentHash": "Qo4z6ZjnIfbR3Us1Za5M2vQ97OWZPmODvVmepxZ8XW0UIVLGdO2T63/N3b23kCcyiwuIe0TQvMEQG8wUCCD1mA=="
      },
      "Vortice.D3DCompiler": {
        "type": "Transitive",
        "resolved": "2.4.2",
        "contentHash": "F/758/PioamTyLaVHY8qXK6lt1jKPDNa1VSRf/LGGhMYywVAAydK0xxhlGTrvfj3z+Amzk2fwliCNWTcvpD3Lw==",
        "dependencies": {
          "SharpGen.Runtime": "2.0.0-beta.13",
          "SharpGen.Runtime.COM": "2.0.0-beta.13",
          "Vortice.DirectX": "2.4.2",
          "Vortice.Mathematics": "1.4.25"
        }
      },
      "Vortice.Direct3D11": {
        "type": "Transitive",
        "resolved": "2.4.2",
        "contentHash": "2bDAoXFH2AMHgW9buTcpG860Wpg5TfrDh7GH7BjInfKvVVZ6dh2y3msfzTv2wKvLEFnj5QPVMgc/UFWuidbEfQ==",
        "dependencies": {
          "SharpGen.Runtime": "2.0.0-beta.13",
          "SharpGen.Runtime.COM": "2.0.0-beta.13",
          "Vortice.DXGI": "2.4.2",
          "Vortice.Mathematics": "1.4.25"
        }
      },
      "Vortice.DirectX": {
        "type": "Transitive",
        "resolved": "2.4.2",
        "contentHash": "7QQvwhKbNyIP7ZLv6tx16fSThayDZUXwiEPb0ShsFQEzXgXokDVA0rdRoSqn3i+WNI+nu84uakn2lmqsCnaDyQ==",
        "dependencies": {
          "SharpGen.Runtime": "2.0.0-beta.13",
          "SharpGen.Runtime.COM": "2.0.0-beta.13",
          "Vortice.Mathematics": "1.4.25"
        }
      },
      "Vortice.DXGI": {
        "type": "Transitive",
        "resolved": "2.4.2",
        "contentHash": "7RE288qH5HEwSUQhP0evhmzbOYLT/S37XRRyzwb0wTTIV/UhSrpJNM+8nzIP7TVPkFzTqRyr7VFLK0sxW6gxmA==",
        "dependencies": {
          "SharpGen.Runtime": "2.0.0-beta.13",
          "SharpGen.Runtime.COM": "2.0.0-beta.13",
          "Vortice.DirectX": "2.4.2",
          "Vortice.Mathematics": "1.4.25"
        }
      },
      "Vortice.Mathematics": {
        "type": "Transitive",
        "resolved": "1.4.25",
        "contentHash": "V2yJMl/QKceXEjYEnf2EWcNkUJI5/zE04cNUnawHbdR0wjMHv1dVTLf0IUJk0D0w29FrCWdQQK/n4L4vx0HeQA=="
      }
    }
  }
}